{
  "nodes": {
    "asyncudp": {
      "inputs": {
        "nixpkgs": "nixpkgs",
        "utils": "utils"
      },
      "locked": {
        "lastModified": 1703090167,
        "narHash": "sha256-11OdjjAtV1/zlgElwuktGIeOJEbFabZsInXZ2tU7j0Q=",
        "owner": "RCMast3r",
        "repo": "asyncudp_nix",
        "rev": "f54de4e37119aef96d57d18860efdb49056fcb87",
        "type": "github"
      },
      "original": {
        "owner": "RCMast3r",
        "repo": "asyncudp_nix",
        "type": "github"
      }
    },
    "can_pkg_flake": {
      "inputs": {
        "nixpkgs": "nixpkgs_2"
      },
      "locked": {
        "lastModified": 1755064428,
        "narHash": "sha256-40y2qspDMrmsDnPmqnfBUfzBPYKDUoxxbDE3aMbnl7Q=",
        "owner": "KSU-MS",
        "repo": "ksu-ms-dbc",
        "rev": "8e2316056b5732e0400632f8442fa21e72c04f2d",
        "type": "github"
      },
      "original": {
        "owner": "KSU-MS",
        "ref": "main",
        "repo": "ksu-ms-dbc",
        "type": "github"
      }
    },
    "data_acq": {
      "inputs": {
        "asyncudp": "asyncudp",
        "can_pkg_flake": "can_pkg_flake",
        "foxglove-websocket": "foxglove-websocket",
        "mcap": "mcap",
        "mcap-protobuf": "mcap-protobuf",
        "nix-proto": "nix-proto",
        "nixpkgs": "nixpkgs_7",
        "utils": "utils_5"
      },
      "locked": {
        "lastModified": 1755067156,
        "narHash": "sha256-IH1VgMvwazy96dIii9eOQuCuuafu1EATSmrzBs0LbM0=",
        "owner": "KSU-MS",
        "repo": "ksu_daq",
        "rev": "a5b53132a542d58a1cdf93fd1c797ec786419153",
        "type": "github"
      },
      "original": {
        "owner": "KSU-MS",
        "repo": "ksu_daq",
        "type": "github"
      }
    },
    "data_offload_app": {
      "inputs": {
        "flake-utils": "flake-utils",
        "nixpkgs": "nixpkgs_8"
      },
      "locked": {
        "lastModified": 1758751709,
        "narHash": "sha256-zazQuOkaSJ75B2PB4RGIZz+lqWsPoZm/gFXQXvy8W2U=",
        "owner": "KSU-ms",
        "repo": "data_offload_app",
        "rev": "1576c13e95b15c7fa7ff2af30b3e0aac11dfc6f3",
        "type": "github"
      },
      "original": {
        "owner": "KSU-ms",
        "repo": "data_offload_app",
        "type": "github"
      }
    },
    "flake-parts": {
      "inputs": {
        "nixpkgs-lib": "nixpkgs-lib"
      },
      "locked": {
        "lastModified": 1736143030,
        "narHash": "sha256-+hu54pAoLDEZT9pjHlqL9DNzWz0NbUn8NEAHP7PQPzU=",
        "owner": "hercules-ci",
        "repo": "flake-parts",
        "rev": "b905f6fc23a9051a6e1b741e1438dbfc0634c6de",
        "type": "github"
      },
      "original": {
        "owner": "hercules-ci",
        "repo": "flake-parts",
        "type": "github"
      }
    },
    "flake-utils": {
      "inputs": {
        "systems": "systems_6"
      },
      "locked": {
        "lastModified": 1731533236,
        "narHash": "sha256-l0KFg5HjrsfsO/JpG+r7fRrqm12kzFHyUHqHCVpMMbI=",
        "owner": "numtide",
        "repo": "flake-utils",
        "rev": "11707dc2f618dd54ca8739b309ec4fc024de578b",
        "type": "github"
      },
      "original": {
        "owner": "numtide",
        "repo": "flake-utils",
        "type": "github"
      }
    },
    "foxglove-websocket": {
      "inputs": {
        "nixpkgs": "nixpkgs_3",
        "utils": "utils_2"
      },
      "locked": {
        "lastModified": 1711401255,
        "narHash": "sha256-V9VX0LOHqXKoBuIY6gIsiU1WDDGZTGmOQULQ0YUur8s=",
        "owner": "RCMast3r",
        "repo": "py_foxglove_webserver_nix",
        "rev": "61b43a707534b3ea41fed1ccc9369d893178a7f4",
        "type": "github"
      },
      "original": {
        "owner": "RCMast3r",
        "repo": "py_foxglove_webserver_nix",
        "type": "github"
      }
    },
    "libcamera-apps-src": {
      "flake": false,
      "locked": {
        "lastModified": 1713431793,
        "narHash": "sha256-uoewZMGf3vsBoRDfRz8KBKl+J6st/J44SHvNRMBdaUI=",
        "owner": "raspberrypi",
        "repo": "libcamera-apps",
        "rev": "414a7383464b98f21f5e5381a16cc73ae0350ba6",
        "type": "github"
      },
      "original": {
        "owner": "raspberrypi",
        "ref": "v1.4.4",
        "repo": "libcamera-apps",
        "type": "github"
      }
    },
    "libcamera-src": {
      "flake": false,
      "locked": {
        "lastModified": 1713446223,
        "narHash": "sha256-p0/inkHPRUkxSIsTmj7VI7sIaX7OXdqjMGZ31W7cnt4=",
        "owner": "raspberrypi",
        "repo": "libcamera",
        "rev": "eb00c13d7c9f937732305d47af5b8ccf895e700f",
        "type": "github"
      },
      "original": {
        "owner": "raspberrypi",
        "repo": "libcamera",
        "rev": "eb00c13d7c9f937732305d47af5b8ccf895e700f",
        "type": "github"
      }
    },
    "libpisp-src": {
      "flake": false,
      "locked": {
        "lastModified": 1713362873,
        "narHash": "sha256-CHd44CH5dBcZuK+5fZtONZ8HE/lwGKwK5U0BYUK8gG4=",
        "owner": "raspberrypi",
        "repo": "libpisp",
        "rev": "999da5acb4f40cb8e93d22ec16e28edd55ec9414",
        "type": "github"
      },
      "original": {
        "owner": "raspberrypi",
        "ref": "v1.0.5",
        "repo": "libpisp",
        "type": "github"
      }
    },
    "mcap": {
      "inputs": {
        "nixpkgs": "nixpkgs_4",
        "utils": "utils_3"
      },
      "locked": {
        "lastModified": 1703036787,
        "narHash": "sha256-BlK4XJt2INVmYif2xIcjhW3Ab+xPSIKZxVKArujJyWg=",
        "owner": "RCMast3r",
        "repo": "py_mcap_nix",
        "rev": "d2bf2e32b22eb079eaac3df048febf11d9b00bab",
        "type": "github"
      },
      "original": {
        "owner": "RCMast3r",
        "repo": "py_mcap_nix",
        "type": "github"
      }
    },
    "mcap-protobuf": {
      "inputs": {
        "nixpkgs": "nixpkgs_5",
        "utils": "utils_4"
      },
      "locked": {
        "lastModified": 1703028946,
        "narHash": "sha256-TG/fWsKUSSMp9b9aL4XPF3oiV1A5lIs8Cf/NjLUGeVI=",
        "owner": "RCMast3r",
        "repo": "mcap-protobuf-support-flake",
        "rev": "55f0982a07c4589b34d7ebeb4f200958ea71d89c",
        "type": "github"
      },
      "original": {
        "owner": "RCMast3r",
        "repo": "mcap-protobuf-support-flake",
        "type": "github"
      }
    },
    "nix-filter": {
      "locked": {
        "lastModified": 1731533336,
        "narHash": "sha256-oRam5PS1vcrr5UPgALW0eo1m/5/pls27Z/pabHNy2Ms=",
        "owner": "numtide",
        "repo": "nix-filter",
        "rev": "f7653272fd234696ae94229839a99b73c9ab7de0",
        "type": "github"
      },
      "original": {
        "owner": "numtide",
        "repo": "nix-filter",
        "type": "github"
      }
    },
    "nix-proto": {
      "inputs": {
        "flake-parts": "flake-parts",
        "nix-filter": "nix-filter",
        "nix-std": "nix-std",
        "nixpkgs": "nixpkgs_6",
        "treefmt-nix": "treefmt-nix"
      },
      "locked": {
        "lastModified": 1737939731,
        "narHash": "sha256-4/cB3MxV38yTDfs+iNjJl0d0EBN3A0505CKC5IZQZWI=",
        "owner": "notalltim",
        "repo": "nix-proto",
        "rev": "fe40ca85ecc6217d3625c5477000e72d323be9e0",
        "type": "github"
      },
      "original": {
        "owner": "notalltim",
        "repo": "nix-proto",
        "type": "github"
      }
    },
    "nix-std": {
      "locked": {
        "lastModified": 1710870712,
        "narHash": "sha256-e+7MJF2gsgTBuOWv4mCimSP0D9+naeFSw9a7N3yEmv4=",
        "owner": "chessai",
        "repo": "nix-std",
        "rev": "31bbc925750cc9d8f828fe55cee1a2bd985e0c00",
        "type": "github"
      },
      "original": {
        "owner": "chessai",
        "repo": "nix-std",
        "type": "github"
      }
    },
    "nixpkgs": {
      "locked": {
        "lastModified": 1702921762,
        "narHash": "sha256-O/rP7gulApQAB47u6szEd8Pn8Biw0d84j5iuP2tcxzY=",
        "owner": "NixOS",
        "repo": "nixpkgs",
        "rev": "d02ffbbe834b5599fc5f134e644e49397eb07188",
        "type": "github"
      },
      "original": {
        "owner": "NixOS",
        "ref": "nixos-23.11",
        "repo": "nixpkgs",
        "type": "github"
      }
    },
    "nixpkgs-lib": {
      "locked": {
        "lastModified": 1735774519,
        "narHash": "sha256-CewEm1o2eVAnoqb6Ml+Qi9Gg/EfNAxbRx1lANGVyoLI=",
        "type": "tarball",
        "url": "https://github.com/NixOS/nixpkgs/archive/e9b51731911566bbf7e4895475a87fe06961de0b.tar.gz"
      },
      "original": {
        "type": "tarball",
        "url": "https://github.com/NixOS/nixpkgs/archive/e9b51731911566bbf7e4895475a87fe06961de0b.tar.gz"
      }
    },
    "nixpkgs_10": {
      "locked": {
        "lastModified": 1715218190,
        "narHash": "sha256-R98WOBHkk8wIi103JUVQF3ei3oui4HvoZcz9tYOAwlk=",
        "owner": "NixOS",
        "repo": "nixpkgs",
        "rev": "9a9960b98418f8c385f52de3b09a63f9c561427a",
        "type": "github"
      },
      "original": {
        "owner": "NixOS",
        "repo": "nixpkgs",
        "rev": "9a9960b98418f8c385f52de3b09a63f9c561427a",
        "type": "github"
      }
    },
    "nixpkgs_2": {
      "locked": {
        "lastModified": 1736867362,
        "narHash": "sha256-i/UJ5I7HoqmFMwZEH6vAvBxOrjjOJNU739lnZnhUln8=",
        "owner": "NixOS",
        "repo": "nixpkgs",
        "rev": "9c6b49aeac36e2ed73a8c472f1546f6d9cf1addc",
        "type": "github"
      },
      "original": {
        "owner": "NixOS",
        "ref": "nixos-24.11",
        "repo": "nixpkgs",
        "type": "github"
      }
    },
    "nixpkgs_3": {
      "locked": {
        "lastModified": 1702921762,
        "narHash": "sha256-O/rP7gulApQAB47u6szEd8Pn8Biw0d84j5iuP2tcxzY=",
        "owner": "NixOS",
        "repo": "nixpkgs",
        "rev": "d02ffbbe834b5599fc5f134e644e49397eb07188",
        "type": "github"
      },
      "original": {
        "owner": "NixOS",
        "ref": "nixos-23.11",
        "repo": "nixpkgs",
        "type": "github"
      }
    },
    "nixpkgs_4": {
      "locked": {
        "lastModified": 1702921762,
        "narHash": "sha256-O/rP7gulApQAB47u6szEd8Pn8Biw0d84j5iuP2tcxzY=",
        "owner": "NixOS",
        "repo": "nixpkgs",
        "rev": "d02ffbbe834b5599fc5f134e644e49397eb07188",
        "type": "github"
      },
      "original": {
        "owner": "NixOS",
        "ref": "nixos-23.11",
        "repo": "nixpkgs",
        "type": "github"
      }
    },
    "nixpkgs_5": {
      "locked": {
        "lastModified": 1702780907,
        "narHash": "sha256-blbrBBXjjZt6OKTcYX1jpe9SRof2P9ZYWPzq22tzXAA=",
        "owner": "NixOS",
        "repo": "nixpkgs",
        "rev": "1e2e384c5b7c50dbf8e9c441a9e58d85f408b01f",
        "type": "github"
      },
      "original": {
        "owner": "NixOS",
        "ref": "nixos-23.11",
        "repo": "nixpkgs",
        "type": "github"
      }
    },
    "nixpkgs_6": {
      "locked": {
        "lastModified": 1735563628,
        "narHash": "sha256-OnSAY7XDSx7CtDoqNh8jwVwh4xNL/2HaJxGjryLWzX8=",
        "owner": "NixOS",
        "repo": "nixpkgs",
        "rev": "b134951a4c9f3c995fd7be05f3243f8ecd65d798",
        "type": "github"
      },
      "original": {
        "owner": "NixOS",
        "ref": "nixos-24.05",
        "repo": "nixpkgs",
        "type": "github"
      }
    },
    "nixpkgs_7": {
      "locked": {
        "lastModified": 1720535198,
        "narHash": "sha256-zwVvxrdIzralnSbcpghA92tWu2DV2lwv89xZc8MTrbg=",
        "owner": "NixOS",
        "repo": "nixpkgs",
        "rev": "205fd4226592cc83fd4c0885a3e4c9c400efabb5",
        "type": "github"
      },
      "original": {
        "owner": "NixOS",
        "ref": "nixos-23.11",
        "repo": "nixpkgs",
        "type": "github"
      }
    },
    "nixpkgs_8": {
      "locked": {
        "lastModified": 1758589230,
        "narHash": "sha256-zMTCFGe8aVGTEr2RqUi/QzC1nOIQ0N1HRsbqB4f646k=",
        "owner": "NixOS",
        "repo": "nixpkgs",
        "rev": "d1d883129b193f0b495d75c148c2c3a7d95789a0",
        "type": "github"
      },
      "original": {
        "owner": "NixOS",
        "ref": "nixos-25.05",
        "repo": "nixpkgs",
        "type": "github"
      }
    },
    "nixpkgs_9": {
      "locked": {
        "lastModified": 1715816855,
        "narHash": "sha256-idvnqkfFHiRBmHVtuzuJBCb+tb2sJ7tyTJGKWbbrGSk=",
        "owner": "NixOS",
        "repo": "nixpkgs",
        "rev": "c871670c7dad94b3454b8fc9a8a35e1ab92d8b3e",
        "type": "github"
      },
      "original": {
        "owner": "NixOS",
        "repo": "nixpkgs",
        "rev": "c871670c7dad94b3454b8fc9a8a35e1ab92d8b3e",
        "type": "github"
      }
    },
    "raspberry-pi-nix": {
      "inputs": {
        "libcamera-apps-src": "libcamera-apps-src",
        "libcamera-src": "libcamera-src",
        "libpisp-src": "libpisp-src",
        "nixpkgs": "nixpkgs_10",
        "rpi-bluez-firmware-src": "rpi-bluez-firmware-src",
        "rpi-firmware-nonfree-src": "rpi-firmware-nonfree-src",
        "rpi-firmware-src": "rpi-firmware-src",
        "rpi-linux-6_6-src": "rpi-linux-6_6-src",
        "u-boot-src": "u-boot-src"
      },
      "locked": {
        "lastModified": 1716298142,
        "narHash": "sha256-UEMIk330LiFh05AfGaX7u5nBGD5uSs/ldWZe4948OaE=",
        "owner": "tstat",
        "repo": "raspberry-pi-nix",
        "rev": "26d6ba2a91e6384252bfea5e94c3364e7f8879f2",
        "type": "github"
      },
      "original": {
        "owner": "tstat",
        "repo": "raspberry-pi-nix",
        "type": "github"
      }
    },
    "root": {
      "inputs": {
        "data_acq": "data_acq",
        "data_offload_app": "data_offload_app",
        "nixpkgs": "nixpkgs_9",
        "raspberry-pi-nix": "raspberry-pi-nix"
      }
    },
    "rpi-bluez-firmware-src": {
      "flake": false,
      "locked": {
        "lastModified": 1698157837,
        "narHash": "sha256-CjbZ3t3TW/iJ3+t9QKEtM9NdQU7SwcUCDYuTmFEwvhU=",
        "owner": "RPi-Distro",
        "repo": "bluez-firmware",
        "rev": "d9d4741caba7314d6500f588b1eaa5ab387a4ff5",
        "type": "github"
      },
      "original": {
        "owner": "RPi-Distro",
        "repo": "bluez-firmware",
        "rev": "d9d4741caba7314d6500f588b1eaa5ab387a4ff5",
        "type": "github"
      }
    },
    "rpi-firmware-nonfree-src": {
      "flake": false,
      "locked": {
        "lastModified": 1700058854,
        "narHash": "sha256-Yynww79LPPkau4YDSLI6IMOjH64nMpHUdGjnCfIR2+M=",
        "owner": "RPi-Distro",
        "repo": "firmware-nonfree",
        "rev": "88aa085bfa1a4650e1ccd88896f8343c22a24055",
        "type": "github"
      },
      "original": {
        "owner": "RPi-Distro",
        "repo": "firmware-nonfree",
        "rev": "88aa085bfa1a4650e1ccd88896f8343c22a24055",
        "type": "github"
      }
    },
    "rpi-firmware-src": {
      "flake": false,
      "locked": {
        "lastModified": 1713970515,
        "narHash": "sha256-X5OinkLh/+mx34DM8mCk4tqOGuJdYxkvygv3gA77NJI=",
        "owner": "raspberrypi",
        "repo": "firmware",
        "rev": "969420b4121b522ab33c5001074cc4c2547dafaf",
        "type": "github"
      },
      "original": {
        "owner": "raspberrypi",
        "ref": "1.20240424",
        "repo": "firmware",
        "type": "github"
      }
    },
    "rpi-linux-6_6-src": {
      "flake": false,
      "locked": {
        "lastModified": 1713516936,
        "narHash": "sha256-mlsDuVczu0e57BlD/iq7IEEluOIgqbZ+W4Ju30E/zhw=",
        "owner": "raspberrypi",
        "repo": "linux",
        "rev": "0c341f47adc3578cd5f817aa20ee2b7f9ae6b23e",
        "type": "github"
      },
      "original": {
        "owner": "raspberrypi",
        "ref": "stable_20240423",
        "repo": "linux",
        "type": "github"
      }
    },
    "systems": {
      "locked": {
        "lastModified": 1681028828,
        "narHash": "sha256-Vy1rq5AaRuLzOxct8nz4T6wlgyUR7zLU309k9mBC768=",
        "owner": "nix-systems",
        "repo": "default",
        "rev": "da67096a3b9bf56a91d16901293e51ba5b49a27e",
        "type": "github"
      },
      "original": {
        "owner": "nix-systems",
        "repo": "default",
        "type": "github"
      }
    },
    "systems_2": {
      "locked": {
        "lastModified": 1681028828,
        "narHash": "sha256-Vy1rq5AaRuLzOxct8nz4T6wlgyUR7zLU309k9mBC768=",
        "owner": "nix-systems",
        "repo": "default",
        "rev": "da67096a3b9bf56a91d16901293e51ba5b49a27e",
        "type": "github"
      },
      "original": {
        "owner": "nix-systems",
        "repo": "default",
        "type": "github"
      }
    },
    "systems_3": {
      "locked": {
        "lastModified": 1681028828,
        "narHash": "sha256-Vy1rq5AaRuLzOxct8nz4T6wlgyUR7zLU309k9mBC768=",
        "owner": "nix-systems",
        "repo": "default",
        "rev": "da67096a3b9bf56a91d16901293e51ba5b49a27e",
        "type": "github"
      },
      "original": {
        "owner": "nix-systems",
        "repo": "default",
        "type": "github"
      }
    },
    "systems_4": {
      "locked": {
        "lastModified": 1681028828,
        "narHash": "sha256-Vy1rq5AaRuLzOxct8nz4T6wlgyUR7zLU309k9mBC768=",
        "owner": "nix-systems",
        "repo": "default",
        "rev": "da67096a3b9bf56a91d16901293e51ba5b49a27e",
        "type": "github"
      },
      "original": {
        "owner": "nix-systems",
        "repo": "default",
        "type": "github"
      }
    },
    "systems_5": {
      "locked": {
        "lastModified": 1681028828,
        "narHash": "sha256-Vy1rq5AaRuLzOxct8nz4T6wlgyUR7zLU309k9mBC768=",
        "owner": "nix-systems",
        "repo": "default",
        "rev": "da67096a3b9bf56a91d16901293e51ba5b49a27e",
        "type": "github"
      },
      "original": {
        "owner": "nix-systems",
        "repo": "default",
        "type": "github"
      }
    },
    "systems_6": {
      "locked": {
        "lastModified": 1681028828,
        "narHash": "sha256-Vy1rq5AaRuLzOxct8nz4T6wlgyUR7zLU309k9mBC768=",
        "owner": "nix-systems",
        "repo": "default",
        "rev": "da67096a3b9bf56a91d16901293e51ba5b49a27e",
        "type": "github"
      },
      "original": {
        "owner": "nix-systems",
        "repo": "default",
        "type": "github"
      }
    },
    "treefmt-nix": {
      "inputs": {
        "nixpkgs": [
          "data_acq",
          "nix-proto",
          "nixpkgs"
        ]
      },
      "locked": {
        "lastModified": 1737483750,
        "narHash": "sha256-5An1wq5U8sNycOBBg3nsDDgpwBmR9liOpDGlhliA6Xo=",
        "owner": "numtide",
        "repo": "treefmt-nix",
        "rev": "f2cc121df15418d028a59c9737d38e3a90fbaf8f",
        "type": "github"
      },
      "original": {
        "owner": "numtide",
        "repo": "treefmt-nix",
        "type": "github"
      }
    },
    "u-boot-src": {
      "flake": false,
      "locked": {
        "lastModified": 1712055538,
        "narHash": "sha256-IlaDdjKq/Pq2orzcU959h93WXRZfvKBGDO/MFw9mZMg=",
        "type": "tarball",
        "url": "https://ftp.denx.de/pub/u-boot/u-boot-2024.04.tar.bz2"
      },
      "original": {
        "type": "tarball",
        "url": "https://ftp.denx.de/pub/u-boot/u-boot-2024.04.tar.bz2"
      }
    },
    "utils": {
      "inputs": {
        "systems": "systems"
      },
      "locked": {
        "lastModified": 1701680307,
        "narHash": "sha256-kAuep2h5ajznlPMD9rnQyffWG8EM/C73lejGofXvdM8=",
        "owner": "numtide",
        "repo": "flake-utils",
        "rev": "4022d587cbbfd70fe950c1e2083a02621806a725",
        "type": "github"
      },
      "original": {
        "owner": "numtide",
        "repo": "flake-utils",
        "type": "github"
      }
    },
    "utils_2": {
      "inputs": {
        "systems": "systems_2"
      },
      "locked": {
        "lastModified": 1701680307,
        "narHash": "sha256-kAuep2h5ajznlPMD9rnQyffWG8EM/C73lejGofXvdM8=",
        "owner": "numtide",
        "repo": "flake-utils",
        "rev": "4022d587cbbfd70fe950c1e2083a02621806a725",
        "type": "github"
      },
      "original": {
        "owner": "numtide",
        "repo": "flake-utils",
        "type": "github"
      }
    },
    "utils_3": {
      "inputs": {
        "systems": "systems_3"
      },
      "locked": {
        "lastModified": 1701680307,
        "narHash": "sha256-kAuep2h5ajznlPMD9rnQyffWG8EM/C73lejGofXvdM8=",
        "owner": "numtide",
        "repo": "flake-utils",
        "rev": "4022d587cbbfd70fe950c1e2083a02621806a725",
        "type": "github"
      },
      "original": {
        "owner": "numtide",
        "repo": "flake-utils",
        "type": "github"
      }
    },
    "utils_4": {
      "inputs": {
        "systems": "systems_4"
      },
      "locked": {
        "lastModified": 1701680307,
        "narHash": "sha256-kAuep2h5ajznlPMD9rnQyffWG8EM/C73lejGofXvdM8=",
        "owner": "numtide",
        "repo": "flake-utils",
        "rev": "4022d587cbbfd70fe950c1e2083a02621806a725",
        "type": "github"
      },
      "original": {
        "owner": "numtide",
        "repo": "flake-utils",
        "type": "github"
      }
    },
    "utils_5": {
      "inputs": {
        "systems": "systems_5"
      },
      "locked": {
        "lastModified": 1731533236,
        "narHash": "sha256-l0KFg5HjrsfsO/JpG+r7fRrqm12kzFHyUHqHCVpMMbI=",
        "owner": "numtide",
        "repo": "flake-utils",
        "rev": "11707dc2f618dd54ca8739b309ec4fc024de578b",
        "type": "github"
      },
      "original": {
        "owner": "numtide",
        "repo": "flake-utils",
        "type": "github"
      }
    }
  },
  "root": "root",
  "version": 7
}
