{
  "nodes": {
    "asyncudp": {
      "inputs": {
        "nixpkgs": "nixpkgs",
        "utils": "utils"
      },
      "locked": {
        "lastModified": 1703090167,
        "narHash": "sha256-11OdjjAtV1/zlgElwuktGIeOJEbFabZsInXZ2tU7j0Q=",
        "owner": "RCMast3r",
        "repo": "asyncudp_nix",
        "rev": "f54de4e37119aef96d57d18860efdb49056fcb87",
        "type": "github"
      },
      "original": {
        "owner": "RCMast3r",
        "repo": "asyncudp_nix",
        "type": "github"
      }
    },
    "can_pkg_flake": {
      "inputs": {
        "nixpkgs": "nixpkgs_2"
      },
      "locked": {
        "lastModified": 1743557088,
        "narHash": "sha256-O/qKmw4sGpQYHiWgV+3MPypLDb4L5IdOl/I7BA1wVnk=",
        "owner": "KSU-MS",
        "repo": "ksu-ms-dbc",
        "rev": "4ba8ca175c94a8d802d281a87fd12b830c9359ca",
        "type": "github"
      },
      "original": {
        "owner": "KSU-MS",
        "ref": "vcu_parameter_message",
        "repo": "ksu-ms-dbc",
        "type": "github"
      }
    },
    "data_acq": {
      "inputs": {
        "asyncudp": "asyncudp",
        "can_pkg_flake": "can_pkg_flake",
        "foxglove-websocket": "foxglove-websocket",
        "mcap": "mcap",
        "mcap-protobuf": "mcap-protobuf",
        "nix-proto": "nix-proto",
        "nixpkgs": "nixpkgs_7",
        "utils": "utils_5"
      },
      "locked": {
        "lastModified": 1745381550,
        "narHash": "sha256-OkmM2LUia1gEYWQxn0XVCMZGzEbDGBzl1iPUsg+3uwk=",
        "owner": "KSU-MS",
        "repo": "ksu_daq",
        "rev": "44443d190cbe7497332c7ccf840d0cff8de34d07",
        "type": "github"
      },
      "original": {
        "owner": "KSU-MS",
        "repo": "ksu_daq",
        "type": "github"
      }
    },
    "flake-parts": {
      "inputs": {
        "nixpkgs-lib": "nixpkgs-lib"
      },
      "locked": {
        "lastModified": 1736143030,
        "narHash": "sha256-+hu54pAoLDEZT9pjHlqL9DNzWz0NbUn8NEAHP7PQPzU=",
        "owner": "hercules-ci",
        "repo": "flake-parts",
        "rev": "b905f6fc23a9051a6e1b741e1438dbfc0634c6de",
        "type": "github"
      },
      "original": {
        "owner": "hercules-ci",
        "repo": "flake-parts",
        "type": "github"
      }
    },
    "foxglove-websocket": {
      "inputs": {
        "nixpkgs": "nixpkgs_3",
        "utils": "utils_2"
      },
      "locked": {
        "lastModified": 1711401255,
        "narHash": "sha256-V9VX0LOHqXKoBuIY6gIsiU1WDDGZTGmOQULQ0YUur8s=",
        "owner": "RCMast3r",
        "repo": "py_foxglove_webserver_nix",
        "rev": "61b43a707534b3ea41fed1ccc9369d893178a7f4",
        "type": "github"
      },
      "original": {
        "owner": "RCMast3r",
        "repo": "py_foxglove_webserver_nix",
        "type": "github"
      }
    },
    "libcamera-src": {
      "flake": false,
      "locked": {
        "lastModified": 1725630279,
        "narHash": "sha256-KH30jmHfxXq4j2CL7kv18DYECJRp9ECuWNPnqPZajPA=",
        "owner": "raspberrypi",
        "repo": "libcamera",
        "rev": "69a894c4adad524d3063dd027f5c4774485cf9db",
        "type": "github"
      },
      "original": {
        "owner": "raspberrypi",
        "repo": "libcamera",
        "rev": "69a894c4adad524d3063dd027f5c4774485cf9db",
        "type": "github"
      }
    },
    "libpisp-src": {
      "flake": false,
      "locked": {
        "lastModified": 1724944683,
        "narHash": "sha256-Fo2UJmQHS855YSSKKmGrsQnJzXog1cdpkIOO72yYAM4=",
        "owner": "raspberrypi",
        "repo": "libpisp",
        "rev": "28196ed6edcfeda88d23cc5f213d51aa6fa17bb3",
        "type": "github"
      },
      "original": {
        "owner": "raspberrypi",
        "ref": "v1.0.7",
        "repo": "libpisp",
        "type": "github"
      }
    },
    "mcap": {
      "inputs": {
        "nixpkgs": "nixpkgs_4",
        "utils": "utils_3"
      },
      "locked": {
        "lastModified": 1703036787,
        "narHash": "sha256-BlK4XJt2INVmYif2xIcjhW3Ab+xPSIKZxVKArujJyWg=",
        "owner": "RCMast3r",
        "repo": "py_mcap_nix",
        "rev": "d2bf2e32b22eb079eaac3df048febf11d9b00bab",
        "type": "github"
      },
      "original": {
        "owner": "RCMast3r",
        "repo": "py_mcap_nix",
        "type": "github"
      }
    },
    "mcap-protobuf": {
      "inputs": {
        "nixpkgs": "nixpkgs_5",
        "utils": "utils_4"
      },
      "locked": {
        "lastModified": 1703028946,
        "narHash": "sha256-TG/fWsKUSSMp9b9aL4XPF3oiV1A5lIs8Cf/NjLUGeVI=",
        "owner": "RCMast3r",
        "repo": "mcap-protobuf-support-flake",
        "rev": "55f0982a07c4589b34d7ebeb4f200958ea71d89c",
        "type": "github"
      },
      "original": {
        "owner": "RCMast3r",
        "repo": "mcap-protobuf-support-flake",
        "type": "github"
      }
    },
    "nix-filter": {
      "locked": {
        "lastModified": 1731533336,
        "narHash": "sha256-oRam5PS1vcrr5UPgALW0eo1m/5/pls27Z/pabHNy2Ms=",
        "owner": "numtide",
        "repo": "nix-filter",
        "rev": "f7653272fd234696ae94229839a99b73c9ab7de0",
        "type": "github"
      },
      "original": {
        "owner": "numtide",
        "repo": "nix-filter",
        "type": "github"
      }
    },
    "nix-proto": {
      "inputs": {
        "flake-parts": "flake-parts",
        "nix-filter": "nix-filter",
        "nix-std": "nix-std",
        "nixpkgs": "nixpkgs_6",
        "treefmt-nix": "treefmt-nix"
      },
      "locked": {
        "lastModified": 1737939731,
        "narHash": "sha256-4/cB3MxV38yTDfs+iNjJl0d0EBN3A0505CKC5IZQZWI=",
        "owner": "notalltim",
        "repo": "nix-proto",
        "rev": "fe40ca85ecc6217d3625c5477000e72d323be9e0",
        "type": "github"
      },
      "original": {
        "owner": "notalltim",
        "repo": "nix-proto",
        "type": "github"
      }
    },
    "nix-std": {
      "locked": {
        "lastModified": 1710870712,
        "narHash": "sha256-e+7MJF2gsgTBuOWv4mCimSP0D9+naeFSw9a7N3yEmv4=",
        "owner": "chessai",
        "repo": "nix-std",
        "rev": "31bbc925750cc9d8f828fe55cee1a2bd985e0c00",
        "type": "github"
      },
      "original": {
        "owner": "chessai",
        "repo": "nix-std",
        "type": "github"
      }
    },
    "nixpkgs": {
      "locked": {
        "lastModified": 1702921762,
        "narHash": "sha256-O/rP7gulApQAB47u6szEd8Pn8Biw0d84j5iuP2tcxzY=",
        "owner": "NixOS",
        "repo": "nixpkgs",
        "rev": "d02ffbbe834b5599fc5f134e644e49397eb07188",
        "type": "github"
      },
      "original": {
        "owner": "NixOS",
        "ref": "nixos-23.11",
        "repo": "nixpkgs",
        "type": "github"
      }
    },
    "nixpkgs-lib": {
      "locked": {
        "lastModified": 1735774519,
        "narHash": "sha256-CewEm1o2eVAnoqb6Ml+Qi9Gg/EfNAxbRx1lANGVyoLI=",
        "type": "tarball",
        "url": "https://github.com/NixOS/nixpkgs/archive/e9b51731911566bbf7e4895475a87fe06961de0b.tar.gz"
      },
      "original": {
        "type": "tarball",
        "url": "https://github.com/NixOS/nixpkgs/archive/e9b51731911566bbf7e4895475a87fe06961de0b.tar.gz"
      }
    },
    "nixpkgs_2": {
      "locked": {
        "lastModified": 1736867362,
        "narHash": "sha256-i/UJ5I7HoqmFMwZEH6vAvBxOrjjOJNU739lnZnhUln8=",
        "owner": "NixOS",
        "repo": "nixpkgs",
        "rev": "9c6b49aeac36e2ed73a8c472f1546f6d9cf1addc",
        "type": "github"
      },
      "original": {
        "owner": "NixOS",
        "ref": "nixos-24.11",
        "repo": "nixpkgs",
        "type": "github"
      }
    },
    "nixpkgs_3": {
      "locked": {
        "lastModified": 1702921762,
        "narHash": "sha256-O/rP7gulApQAB47u6szEd8Pn8Biw0d84j5iuP2tcxzY=",
        "owner": "NixOS",
        "repo": "nixpkgs",
        "rev": "d02ffbbe834b5599fc5f134e644e49397eb07188",
        "type": "github"
      },
      "original": {
        "owner": "NixOS",
        "ref": "nixos-23.11",
        "repo": "nixpkgs",
        "type": "github"
      }
    },
    "nixpkgs_4": {
      "locked": {
        "lastModified": 1702921762,
        "narHash": "sha256-O/rP7gulApQAB47u6szEd8Pn8Biw0d84j5iuP2tcxzY=",
        "owner": "NixOS",
        "repo": "nixpkgs",
        "rev": "d02ffbbe834b5599fc5f134e644e49397eb07188",
        "type": "github"
      },
      "original": {
        "owner": "NixOS",
        "ref": "nixos-23.11",
        "repo": "nixpkgs",
        "type": "github"
      }
    },
    "nixpkgs_5": {
      "locked": {
        "lastModified": 1702780907,
        "narHash": "sha256-blbrBBXjjZt6OKTcYX1jpe9SRof2P9ZYWPzq22tzXAA=",
        "owner": "NixOS",
        "repo": "nixpkgs",
        "rev": "1e2e384c5b7c50dbf8e9c441a9e58d85f408b01f",
        "type": "github"
      },
      "original": {
        "owner": "NixOS",
        "ref": "nixos-23.11",
        "repo": "nixpkgs",
        "type": "github"
      }
    },
    "nixpkgs_6": {
      "locked": {
        "lastModified": 1735563628,
        "narHash": "sha256-OnSAY7XDSx7CtDoqNh8jwVwh4xNL/2HaJxGjryLWzX8=",
        "owner": "NixOS",
        "repo": "nixpkgs",
        "rev": "b134951a4c9f3c995fd7be05f3243f8ecd65d798",
        "type": "github"
      },
      "original": {
        "owner": "NixOS",
        "ref": "nixos-24.05",
        "repo": "nixpkgs",
        "type": "github"
      }
    },
    "nixpkgs_7": {
      "locked": {
        "lastModified": 1720535198,
        "narHash": "sha256-zwVvxrdIzralnSbcpghA92tWu2DV2lwv89xZc8MTrbg=",
        "owner": "NixOS",
        "repo": "nixpkgs",
        "rev": "205fd4226592cc83fd4c0885a3e4c9c400efabb5",
        "type": "github"
      },
      "original": {
        "owner": "NixOS",
        "ref": "nixos-23.11",
        "repo": "nixpkgs",
        "type": "github"
      }
    },
    "nixpkgs_8": {
      "locked": {
        "lastModified": 1715816855,
        "narHash": "sha256-idvnqkfFHiRBmHVtuzuJBCb+tb2sJ7tyTJGKWbbrGSk=",
        "owner": "NixOS",
        "repo": "nixpkgs",
        "rev": "c871670c7dad94b3454b8fc9a8a35e1ab92d8b3e",
        "type": "github"
      },
      "original": {
        "owner": "NixOS",
        "repo": "nixpkgs",
        "rev": "c871670c7dad94b3454b8fc9a8a35e1ab92d8b3e",
        "type": "github"
      }
    },
    "nixpkgs_9": {
      "locked": {
        "lastModified": 1736061677,
        "narHash": "sha256-DjkQPnkAfd7eB522PwnkGhOMuT9QVCZspDpJJYyOj60=",
        "owner": "NixOS",
        "repo": "nixpkgs",
        "rev": "cbd8ec4de4469333c82ff40d057350c30e9f7d36",
        "type": "github"
      },
      "original": {
        "owner": "NixOS",
        "ref": "nixos-24.11",
        "repo": "nixpkgs",
        "type": "github"
      }
    },
    "raspberry-pi-nix": {
      "inputs": {
        "libcamera-src": "libcamera-src",
        "libpisp-src": "libpisp-src",
        "nixpkgs": "nixpkgs_9",
        "rpi-bluez-firmware-src": "rpi-bluez-firmware-src",
        "rpi-firmware-nonfree-src": "rpi-firmware-nonfree-src",
        "rpi-firmware-src": "rpi-firmware-src",
        "rpi-linux-6_12_17-src": "rpi-linux-6_12_17-src",
        "rpi-linux-6_6_78-src": "rpi-linux-6_6_78-src",
        "rpi-linux-stable-src": "rpi-linux-stable-src",
        "rpicam-apps-src": "rpicam-apps-src"
      },
      "locked": {
        "lastModified": 1742223591,
        "narHash": "sha256-ZNTz8r5jlJ1jvpqf5+aUYgpnYJSVX0iP14doOc1Hm0E=",
        "owner": "tstat",
        "repo": "raspberry-pi-nix",
        "rev": "3e8100d5e976a6a2be363015cb33463af9ef441a",
        "type": "github"
      },
      "original": {
        "owner": "tstat",
        "repo": "raspberry-pi-nix",
        "type": "github"
      }
    },
    "root": {
      "inputs": {
        "data_acq": "data_acq",
        "nixpkgs": "nixpkgs_8",
        "raspberry-pi-nix": "raspberry-pi-nix"
      }
    },
    "rpi-bluez-firmware-src": {
      "flake": false,
      "locked": {
        "lastModified": 1708969706,
        "narHash": "sha256-KakKnOBeWxh0exu44beZ7cbr5ni4RA9vkWYb9sGMb8Q=",
        "owner": "RPi-Distro",
        "repo": "bluez-firmware",
        "rev": "78d6a07730e2d20c035899521ab67726dc028e1c",
        "type": "github"
      },
      "original": {
        "owner": "RPi-Distro",
        "ref": "bookworm",
        "repo": "bluez-firmware",
        "type": "github"
      }
    },
    "rpi-firmware-nonfree-src": {
      "flake": false,
      "locked": {
        "lastModified": 1723266537,
        "narHash": "sha256-T7eTKXqY9cxEMdab8Snda4CEOrEihy5uOhA6Fy+Mhnw=",
        "owner": "RPi-Distro",
        "repo": "firmware-nonfree",
        "rev": "4b356e134e8333d073bd3802d767a825adec3807",
        "type": "github"
      },
      "original": {
        "owner": "RPi-Distro",
        "ref": "bookworm",
        "repo": "firmware-nonfree",
        "type": "github"
      }
    },
    "rpi-firmware-src": {
      "flake": false,
      "locked": {
        "lastModified": 1728405098,
        "narHash": "sha256-4gnK0KbqFnjBmWia9Jt2gveVWftmHrprpwBqYVqE/k0=",
        "owner": "raspberrypi",
        "repo": "firmware",
        "rev": "7bbb5f80d20a2335066a8781459c9f33e5eebc64",
        "type": "github"
      },
      "original": {
        "owner": "raspberrypi",
        "ref": "1.20241008",
        "repo": "firmware",
        "type": "github"
      }
    },
    "rpi-linux-6_12_17-src": {
      "flake": false,
      "locked": {
        "lastModified": 1740765145,
        "narHash": "sha256-hoCsGc4+RC/2LmxDtswLBL5ZhWlw4vSiL4Vkl39r2MU=",
        "owner": "raspberrypi",
        "repo": "linux",
        "rev": "5985ce32e511f4e8279a841a1b06a8c7d972b386",
        "type": "github"
      },
      "original": {
        "owner": "raspberrypi",
        "ref": "rpi-6.12.y",
        "repo": "linux",
        "type": "github"
      }
    },
    "rpi-linux-6_6_78-src": {
      "flake": false,
      "locked": {
        "lastModified": 1740503700,
        "narHash": "sha256-Y8+ot4Yi3UKwlZK3ap15rZZ16VZDvmeFkD46+6Ku7bE=",
        "owner": "raspberrypi",
        "repo": "linux",
        "rev": "2e071057fded90e789c0101498e45a1778be93fe",
        "type": "github"
      },
      "original": {
        "owner": "raspberrypi",
        "ref": "rpi-6.6.y",
        "repo": "linux",
        "type": "github"
      }
    },
    "rpi-linux-stable-src": {
      "flake": false,
      "locked": {
        "lastModified": 1728403745,
        "narHash": "sha256-phCxkuO+jUGZkfzSrBq6yErQeO2Td+inIGHxctXbD5U=",
        "owner": "raspberrypi",
        "repo": "linux",
        "rev": "5aeecea9f4a45248bcf564dec924965e066a7bfd",
        "type": "github"
      },
      "original": {
        "owner": "raspberrypi",
        "ref": "stable_20241008",
        "repo": "linux",
        "type": "github"
      }
    },
    "rpicam-apps-src": {
      "flake": false,
      "locked": {
        "lastModified": 1727515047,
        "narHash": "sha256-qCYGrcibOeGztxf+sd44lD6VAOGoUNwRqZDdAmcTa/U=",
        "owner": "raspberrypi",
        "repo": "rpicam-apps",
        "rev": "a8ccf9f3cd9df49875dfb834a2b490d41d226031",
        "type": "github"
      },
      "original": {
        "owner": "raspberrypi",
        "ref": "v1.5.2",
        "repo": "rpicam-apps",
        "type": "github"
      }
    },
    "systems": {
      "locked": {
        "lastModified": 1681028828,
        "narHash": "sha256-Vy1rq5AaRuLzOxct8nz4T6wlgyUR7zLU309k9mBC768=",
        "owner": "nix-systems",
        "repo": "default",
        "rev": "da67096a3b9bf56a91d16901293e51ba5b49a27e",
        "type": "github"
      },
      "original": {
        "owner": "nix-systems",
        "repo": "default",
        "type": "github"
      }
    },
    "systems_2": {
      "locked": {
        "lastModified": 1681028828,
        "narHash": "sha256-Vy1rq5AaRuLzOxct8nz4T6wlgyUR7zLU309k9mBC768=",
        "owner": "nix-systems",
        "repo": "default",
        "rev": "da67096a3b9bf56a91d16901293e51ba5b49a27e",
        "type": "github"
      },
      "original": {
        "owner": "nix-systems",
        "repo": "default",
        "type": "github"
      }
    },
    "systems_3": {
      "locked": {
        "lastModified": 1681028828,
        "narHash": "sha256-Vy1rq5AaRuLzOxct8nz4T6wlgyUR7zLU309k9mBC768=",
        "owner": "nix-systems",
        "repo": "default",
        "rev": "da67096a3b9bf56a91d16901293e51ba5b49a27e",
        "type": "github"
      },
      "original": {
        "owner": "nix-systems",
        "repo": "default",
        "type": "github"
      }
    },
    "systems_4": {
      "locked": {
        "lastModified": 1681028828,
        "narHash": "sha256-Vy1rq5AaRuLzOxct8nz4T6wlgyUR7zLU309k9mBC768=",
        "owner": "nix-systems",
        "repo": "default",
        "rev": "da67096a3b9bf56a91d16901293e51ba5b49a27e",
        "type": "github"
      },
      "original": {
        "owner": "nix-systems",
        "repo": "default",
        "type": "github"
      }
    },
    "systems_5": {
      "locked": {
        "lastModified": 1681028828,
        "narHash": "sha256-Vy1rq5AaRuLzOxct8nz4T6wlgyUR7zLU309k9mBC768=",
        "owner": "nix-systems",
        "repo": "default",
        "rev": "da67096a3b9bf56a91d16901293e51ba5b49a27e",
        "type": "github"
      },
      "original": {
        "owner": "nix-systems",
        "repo": "default",
        "type": "github"
      }
    },
    "treefmt-nix": {
      "inputs": {
        "nixpkgs": [
          "data_acq",
          "nix-proto",
          "nixpkgs"
        ]
      },
      "locked": {
        "lastModified": 1737483750,
        "narHash": "sha256-5An1wq5U8sNycOBBg3nsDDgpwBmR9liOpDGlhliA6Xo=",
        "owner": "numtide",
        "repo": "treefmt-nix",
        "rev": "f2cc121df15418d028a59c9737d38e3a90fbaf8f",
        "type": "github"
      },
      "original": {
        "owner": "numtide",
        "repo": "treefmt-nix",
        "type": "github"
      }
    },
    "utils": {
      "inputs": {
        "systems": "systems"
      },
      "locked": {
        "lastModified": 1701680307,
        "narHash": "sha256-kAuep2h5ajznlPMD9rnQyffWG8EM/C73lejGofXvdM8=",
        "owner": "numtide",
        "repo": "flake-utils",
        "rev": "4022d587cbbfd70fe950c1e2083a02621806a725",
        "type": "github"
      },
      "original": {
        "owner": "numtide",
        "repo": "flake-utils",
        "type": "github"
      }
    },
    "utils_2": {
      "inputs": {
        "systems": "systems_2"
      },
      "locked": {
        "lastModified": 1701680307,
        "narHash": "sha256-kAuep2h5ajznlPMD9rnQyffWG8EM/C73lejGofXvdM8=",
        "owner": "numtide",
        "repo": "flake-utils",
        "rev": "4022d587cbbfd70fe950c1e2083a02621806a725",
        "type": "github"
      },
      "original": {
        "owner": "numtide",
        "repo": "flake-utils",
        "type": "github"
      }
    },
    "utils_3": {
      "inputs": {
        "systems": "systems_3"
      },
      "locked": {
        "lastModified": 1701680307,
        "narHash": "sha256-kAuep2h5ajznlPMD9rnQyffWG8EM/C73lejGofXvdM8=",
        "owner": "numtide",
        "repo": "flake-utils",
        "rev": "4022d587cbbfd70fe950c1e2083a02621806a725",
        "type": "github"
      },
      "original": {
        "owner": "numtide",
        "repo": "flake-utils",
        "type": "github"
      }
    },
    "utils_4": {
      "inputs": {
        "systems": "systems_4"
      },
      "locked": {
        "lastModified": 1701680307,
        "narHash": "sha256-kAuep2h5ajznlPMD9rnQyffWG8EM/C73lejGofXvdM8=",
        "owner": "numtide",
        "repo": "flake-utils",
        "rev": "4022d587cbbfd70fe950c1e2083a02621806a725",
        "type": "github"
      },
      "original": {
        "owner": "numtide",
        "repo": "flake-utils",
        "type": "github"
      }
    },
    "utils_5": {
      "inputs": {
        "systems": "systems_5"
      },
      "locked": {
        "lastModified": 1731533236,
        "narHash": "sha256-l0KFg5HjrsfsO/JpG+r7fRrqm12kzFHyUHqHCVpMMbI=",
        "owner": "numtide",
        "repo": "flake-utils",
        "rev": "11707dc2f618dd54ca8739b309ec4fc024de578b",
        "type": "github"
      },
      "original": {
        "owner": "numtide",
        "repo": "flake-utils",
        "type": "github"
      }
    }
  },
  "root": "root",
  "version": 7
}
